// !$*UTF8*$!
{
	archiveVersion = 1;
	classes = {
	};
	objectVersion = 46;
	objects = {

/* Begin PBXBuildFile section */
		330E135D1D6AE18F00C34A65 /* main.m in Sources */ = {isa = PBXBuildFile; fileRef = 330E135C1D6AE18F00C34A65 /* main.m */; };
		330E13601D6AE18F00C34A65 /* AppDelegate.m in Sources */ = {isa = PBXBuildFile; fileRef = 330E135F1D6AE18F00C34A65 /* AppDelegate.m */; };
		330E13631D6AE18F00C34A65 /* ViewController.m in Sources */ = {isa = PBXBuildFile; fileRef = 330E13621D6AE18F00C34A65 /* ViewController.m */; };
		330E13661D6AE18F00C34A65 /* Main.storyboard in Resources */ = {isa = PBXBuildFile; fileRef = 330E13641D6AE18F00C34A65 /* Main.storyboard */; };
		330E13681D6AE18F00C34A65 /* Assets.xcassets in Resources */ = {isa = PBXBuildFile; fileRef = 330E13671D6AE18F00C34A65 /* Assets.xcassets */; };
		330E136B1D6AE18F00C34A65 /* LaunchScreen.storyboard in Resources */ = {isa = PBXBuildFile; fileRef = 330E13691D6AE18F00C34A65 /* LaunchScreen.storyboard */; };
		330E13761D6AE18F00C34A65 /* HelloWordTests.m in Sources */ = {isa = PBXBuildFile; fileRef = 330E13751D6AE18F00C34A65 /* HelloWordTests.m */; };
		330E13811D6AE18F00C34A65 /* HelloWordUITests.m in Sources */ = {isa = PBXBuildFile; fileRef = 330E13801D6AE18F00C34A65 /* HelloWordUITests.m */; };
/* End PBXBuildFile section */

/* Begin PBXContainerItemProxy section */
		330E13721D6AE18F00C34A65 /* PBXContainerItemProxy */ = {
			isa = PBXContainerItemProxy;
			containerPortal = 330E13501D6AE18F00C34A65 /* Project object */;
			proxyType = 1;
			remoteGlobalIDString = 330E13571D6AE18F00C34A65;
			remoteInfo = HelloWord;
		};
		330E137D1D6AE18F00C34A65 /* PBXContainerItemProxy */ = {
			isa = PBXContainerItemProxy;
			containerPortal = 330E13501D6AE18F00C34A65 /* Project object */;
			proxyType = 1;
			remoteGlobalIDString = 330E13571D6AE18F00C34A65;
			remoteInfo = HelloWord;
		};
/* End PBXContainerItemProxy section */

/* Begin PBXFileReference section */
		330E13581D6AE18F00C34A65 /* HelloWord.app */ = {isa = PBXFileReference; explicitFileType = wrapper.application; includeInIndex = 0; path = HelloWord.app; sourceTree = BUILT_PRODUCTS_DIR; };
		330E135C1D6AE18F00C34A65 /* main.m */ = {isa = PBXFileReference; lastKnownFileType = sourcecode.c.objc; path = main.m; sourceTree = "<group>"; };
		330E135E1D6AE18F00C34A65 /* AppDelegate.h */ = {isa = PBXFileReference; lastKnownFileType = sourcecode.c.h; path = AppDelegate.h; sourceTree = "<group>"; };
		330E135F1D6AE18F00C34A65 /* AppDelegate.m */ = {isa = PBXFileReference; lastKnownFileType = sourcecode.c.objc; path = AppDelegate.m; sourceTree = "<group>"; };
		330E13611D6AE18F00C34A65 /* ViewController.h */ = {isa = PBXFileReference; lastKnownFileType = sourcecode.c.h; path = ViewController.h; sourceTree = "<group>"; };
		330E13621D6AE18F00C34A65 /* ViewController.m */ = {isa = PBXFileReference; lastKnownFileType = sourcecode.c.objc; path = ViewController.m; sourceTree = "<group>"; };
		330E13651D6AE18F00C34A65 /* Base */ = {isa = PBXFileReference; lastKnownFileType = file.storyboard; name = Base; path = Base.lproj/Main.storyboard; sourceTree = "<group>"; };
		330E13671D6AE18F00C34A65 /* Assets.xcassets */ = {isa = PBXFileReference; lastKnownFileType = folder.assetcatalog; path = Assets.xcassets; sourceTree = "<group>"; };
		330E136A1D6AE18F00C34A65 /* Base */ = {isa = PBXFileReference; lastKnownFileType = file.storyboard; name = Base; path = Base.lproj/LaunchScreen.storyboard; sourceTree = "<group>"; };
		330E136C1D6AE18F00C34A65 /* Info.plist */ = {isa = PBXFileReference; lastKnownFileType = text.plist.xml; path = Info.plist; sourceTree = "<group>"; };
		330E13711D6AE18F00C34A65 /* HelloWordTests.xctest */ = {isa = PBXFileReference; explicitFileType = wrapper.cfbundle; includeInIndex = 0; path = HelloWordTests.xctest; sourceTree = BUILT_PRODUCTS_DIR; };
		330E13751D6AE18F00C34A65 /* HelloWordTests.m */ = {isa = PBXFileReference; lastKnownFileType = sourcecode.c.objc; path = HelloWordTests.m; sourceTree = "<group>"; };
		330E13771D6AE18F00C34A65 /* Info.plist */ = {isa = PBXFileReference; lastKnownFileType = text.plist.xml; path = Info.plist; sourceTree = "<group>"; };
		330E137C1D6AE18F00C34A65 /* HelloWordUITests.xctest */ = {isa = PBXFileReference; explicitFileType = wrapper.cfbundle; includeInIndex = 0; path = HelloWordUITests.xctest; sourceTree = BUILT_PRODUCTS_DIR; };
		330E13801D6AE18F00C34A65 /* HelloWordUITests.m */ = {isa = PBXFileReference; lastKnownFileType = sourcecode.c.objc; path = HelloWordUITests.m; sourceTree = "<group>"; };
		330E13821D6AE18F00C34A65 /* Info.plist */ = {isa = PBXFileReference; lastKnownFileType = text.plist.xml; path = Info.plist; sourceTree = "<group>"; };
/* End PBXFileReference section */

/* Begin PBXFrameworksBuildPhase section */
		330E13551D6AE18F00C34A65 /* Frameworks */ = {
			isa = PBXFrameworksBuildPhase;
			buildActionMask = 2147483647;
			files = (
			);
			runOnlyForDeploymentPostprocessing = 0;
		};
		330E136E1D6AE18F00C34A65 /* Frameworks */ = {
			isa = PBXFrameworksBuildPhase;
			buildActionMask = 2147483647;
			files = (
			);
			runOnlyForDeploymentPostprocessing = 0;
		};
		330E13791D6AE18F00C34A65 /* Frameworks */ = {
			isa = PBXFrameworksBuildPhase;
			buildActionMask = 2147483647;
			files = (
			);
			runOnlyForDeploymentPostprocessing = 0;
		};
/* End PBXFrameworksBuildPhase section */

/* Begin PBXGroup section */
		330E134F1D6AE18F00C34A65 = {
			isa = PBXGroup;
			children = (
				330E135A1D6AE18F00C34A65 /* HelloWord */,
				330E13741D6AE18F00C34A65 /* HelloWordTests */,
				330E137F1D6AE18F00C34A65 /* HelloWordUITests */,
				330E13591D6AE18F00C34A65 /* Products */,
			);
			sourceTree = "<group>";
		};
		330E13591D6AE18F00C34A65 /* Products */ = {
			isa = PBXGroup;
			children = (
				330E13581D6AE18F00C34A65 /* HelloWord.app */,
				330E13711D6AE18F00C34A65 /* HelloWordTests.xctest */,
				330E137C1D6AE18F00C34A65 /* HelloWordUITests.xctest */,
			);
			name = Products;
			sourceTree = "<group>";
		};
		330E135A1D6AE18F00C34A65 /* HelloWord */ = {
			isa = PBXGroup;
			children = (
				330E135E1D6AE18F00C34A65 /* AppDelegate.h */,
				330E135F1D6AE18F00C34A65 /* AppDelegate.m */,
				330E13611D6AE18F00C34A65 /* ViewController.h */,
				330E13621D6AE18F00C34A65 /* ViewController.m */,
				330E13641D6AE18F00C34A65 /* Main.storyboard */,
				330E13671D6AE18F00C34A65 /* Assets.xcassets */,
				330E13691D6AE18F00C34A65 /* LaunchScreen.storyboard */,
				330E136C1D6AE18F00C34A65 /* Info.plist */,
				330E135B1D6AE18F00C34A65 /* Supporting Files */,
			);
			path = HelloWord;
			sourceTree = "<group>";
		};
		330E135B1D6AE18F00C34A65 /* Supporting Files */ = {
			isa = PBXGroup;
			children = (
				330E135C1D6AE18F00C34A65 /* main.m */,
			);
			name = "Supporting Files";
			sourceTree = "<group>";
		};
		330E13741D6AE18F00C34A65 /* HelloWordTests */ = {
			isa = PBXGroup;
			children = (
				330E13751D6AE18F00C34A65 /* HelloWordTests.m */,
				330E13771D6AE18F00C34A65 /* Info.plist */,
			);
			path = HelloWordTests;
			sourceTree = "<group>";
		};
		330E137F1D6AE18F00C34A65 /* HelloWordUITests */ = {
			isa = PBXGroup;
			children = (
				330E13801D6AE18F00C34A65 /* HelloWordUITests.m */,
				330E13821D6AE18F00C34A65 /* Info.plist */,
			);
			path = HelloWordUITests;
			sourceTree = "<group>";
		};
/* End PBXGroup section */

/* Begin PBXNativeTarget section */
		330E13571D6AE18F00C34A65 /* HelloWord */ = {
			isa = PBXNativeTarget;
			buildConfigurationList = 330E13851D6AE18F00C34A65 /* Build configuration list for PBXNativeTarget "HelloWord" */;
			buildPhases = (
				330E13541D6AE18F00C34A65 /* Sources */,
				330E13551D6AE18F00C34A65 /* Frameworks */,
				330E13561D6AE18F00C34A65 /* Resources */,
			);
			buildRules = (
			);
			dependencies = (
			);
			name = HelloWord;
			productName = HelloWord;
			productReference = 330E13581D6AE18F00C34A65 /* HelloWord.app */;
			productType = "com.apple.product-type.application";
		};
		330E13701D6AE18F00C34A65 /* HelloWordTests */ = {
			isa = PBXNativeTarget;
			buildConfigurationList = 330E13881D6AE18F00C34A65 /* Build configuration list for PBXNativeTarget "HelloWordTests" */;
			buildPhases = (
				330E136D1D6AE18F00C34A65 /* Sources */,
				330E136E1D6AE18F00C34A65 /* Frameworks */,
				330E136F1D6AE18F00C34A65 /* Resources */,
			);
			buildRules = (
			);
			dependencies = (
				330E13731D6AE18F00C34A65 /* PBXTargetDependency */,
			);
			name = HelloWordTests;
			productName = HelloWordTests;
			productReference = 330E13711D6AE18F00C34A65 /* HelloWordTests.xctest */;
			productType = "com.apple.product-type.bundle.unit-test";
		};
		330E137B1D6AE18F00C34A65 /* HelloWordUITests */ = {
			isa = PBXNativeTarget;
			buildConfigurationList = 330E138B1D6AE18F00C34A65 /* Build configuration list for PBXNativeTarget "HelloWordUITests" */;
			buildPhases = (
				330E13781D6AE18F00C34A65 /* Sources */,
				330E13791D6AE18F00C34A65 /* Frameworks */,
				330E137A1D6AE18F00C34A65 /* Resources */,
			);
			buildRules = (
			);
			dependencies = (
				330E137E1D6AE18F00C34A65 /* PBXTargetDependency */,
			);
			name = HelloWordUITests;
			productName = HelloWordUITests;
			productReference = 330E137C1D6AE18F00C34A65 /* HelloWordUITests.xctest */;
			productType = "com.apple.product-type.bundle.ui-testing";
		};
/* End PBXNativeTarget section */

/* Begin PBXProject section */
		330E13501D6AE18F00C34A65 /* Project object */ = {
			isa = PBXProject;
			attributes = {
				LastUpgradeCheck = 0730;
				ORGANIZATIONNAME = tens;
				TargetAttributes = {
					330E13571D6AE18F00C34A65 = {
						CreatedOnToolsVersion = 7.3.1;
					};
					330E13701D6AE18F00C34A65 = {
						CreatedOnToolsVersion = 7.3.1;
						TestTargetID = 330E13571D6AE18F00C34A65;
					};
					330E137B1D6AE18F00C34A65 = {
						CreatedOnToolsVersion = 7.3.1;
						TestTargetID = 330E13571D6AE18F00C34A65;
					};
				};
			};
			buildConfigurationList = 330E13531D6AE18F00C34A65 /* Build configuration list for PBXProject "HelloWord" */;
			compatibilityVersion = "Xcode 3.2";
			developmentRegion = English;
			hasScannedForEncodings = 0;
			knownRegions = (
				en,
				Base,
			);
			mainGroup = 330E134F1D6AE18F00C34A65;
			productRefGroup = 330E13591D6AE18F00C34A65 /* Products */;
			projectDirPath = "";
			projectRoot = "";
			targets = (
				330E13571D6AE18F00C34A65 /* HelloWord */,
				330E13701D6AE18F00C34A65 /* HelloWordTests */,
				330E137B1D6AE18F00C34A65 /* HelloWordUITests */,
			);
		};
/* End PBXProject section */

/* Begin PBXResourcesBuildPhase section */
		330E13561D6AE18F00C34A65 /* Resources */ = {
			isa = PBXResourcesBuildPhase;
			buildActionMask = 2147483647;
			files = (
				330E136B1D6AE18F00C34A65 /* LaunchScreen.storyboard in Resources */,
				330E13681D6AE18F00C34A65 /* Assets.xcassets in Resources */,
				330E13661D6AE18F00C34A65 /* Main.storyboard in Resources */,
			);
			runOnlyForDeploymentPostprocessing = 0;
		};
		330E136F1D6AE18F00C34A65 /* Resources */ = {
			isa = PBXResourcesBuildPhase;
			buildActionMask = 2147483647;
			files = (
			);
			runOnlyForDeploymentPostprocessing = 0;
		};
		330E137A1D6AE18F00C34A65 /* Resources */ = {
			isa = PBXResourcesBuildPhase;
			buildActionMask = 2147483647;
			files = (
			);
			runOnlyForDeploymentPostprocessing = 0;
		};
/* End PBXResourcesBuildPhase section */

/* Begin PBXSourcesBuildPhase section */
		330E13541D6AE18F00C34A65 /* Sources */ = {
			isa = PBXSourcesBuildPhase;
			buildActionMask = 2147483647;
			files = (
				330E13631D6AE18F00C34A65 /* ViewController.m in Sources */,
				330E13601D6AE18F00C34A65 /* AppDelegate.m in Sources */,
				330E135D1D6AE18F00C34A65 /* main.m in Sources */,
			);
			runOnlyForDeploymentPostprocessing = 0;
		};
		330E136D1D6AE18F00C34A65 /* Sources */ = {
			isa = PBXSourcesBuildPhase;
			buildActionMask = 2147483647;
			files = (
				330E13761D6AE18F00C34A65 /* HelloWordTests.m in Sources */,
			);
			runOnlyForDeploymentPostprocessing = 0;
		};
		330E13781D6AE18F00C34A65 /* Sources */ = {
			isa = PBXSourcesBuildPhase;
			buildActionMask = 2147483647;
			files = (
				330E13811D6AE18F00C34A65 /* HelloWordUITests.m in Sources */,
			);
			runOnlyForDeploymentPostprocessing = 0;
		};
/* End PBXSourcesBuildPhase section */

/* Begin PBXTargetDependency section */
		330E13731D6AE18F00C34A65 /* PBXTargetDependency */ = {
			isa = PBXTargetDependency;
			target = 330E13571D6AE18F00C34A65 /* HelloWord */;
			targetProxy = 330E13721D6AE18F00C34A65 /* PBXContainerItemProxy */;
		};
		330E137E1D6AE18F00C34A65 /* PBXTargetDependency */ = {
			isa = PBXTargetDependency;
			target = 330E13571D6AE18F00C34A65 /* HelloWord */;
			targetProxy = 330E137D1D6AE18F00C34A65 /* PBXContainerItemProxy */;
		};
/* End PBXTargetDependency section */

/* Begin PBXVariantGroup section */
		330E13641D6AE18F00C34A65 /* Main.storyboard */ = {
			isa = PBXVariantGroup;
			children = (
				330E13651D6AE18F00C34A65 /* Base */,
			);
			name = Main.storyboard;
			sourceTree = "<group>";
		};
		330E13691D6AE18F00C34A65 /* LaunchScreen.storyboard */ = {
			isa = PBXVariantGroup;
			children = (
				330E136A1D6AE18F00C34A65 /* Base */,
			);
			name = LaunchScreen.storyboard;
			sourceTree = "<group>";
		};
/* End PBXVariantGroup section */

/* Begin XCBuildConfiguration section */
		330E13831D6AE18F00C34A65 /* Debug */ = {
			isa = XCBuildConfiguration;
			buildSettings = {
				ALWAYS_SEARCH_USER_PATHS = NO;
				CLANG_ANALYZER_NONNULL = YES;
				CLANG_CXX_LANGUAGE_STANDARD = "gnu++0x";
				CLANG_CXX_LIBRARY = "libc++";
				CLANG_ENABLE_MODULES = YES;
				CLANG_ENABLE_OBJC_ARC = YES;
				CLANG_WARN_BOOL_CONVERSION = YES;
				CLANG_WARN_CONSTANT_CONVERSION = YES;
				CLANG_WARN_DIRECT_OBJC_ISA_USAGE = YES_ERROR;
				CLANG_WARN_EMPTY_BODY = YES;
				CLANG_WARN_ENUM_CONVERSION = YES;
				CLANG_WARN_INT_CONVERSION = YES;
				CLANG_WARN_OBJC_ROOT_CLASS = YES_ERROR;
				CLANG_WARN_UNREACHABLE_CODE = YES;
				CLANG_WARN__DUPLICATE_METHOD_MATCH = YES;
				"CODE_SIGN_IDENTITY[sdk=iphoneos*]" = "iPhone Developer";
				COPY_PHASE_STRIP = NO;
				DEBUG_INFORMATION_FORMAT = dwarf;
				ENABLE_STRICT_OBJC_MSGSEND = YES;
				ENABLE_TESTABILITY = YES;
				GCC_C_LANGUAGE_STANDARD = gnu99;
				GCC_DYNAMIC_NO_PIC = NO;
				GCC_NO_COMMON_BLOCKS = YES;
				GCC_OPTIMIZATION_LEVEL = 0;
				GCC_PREPROCESSOR_DEFINITIONS = (
					"DEBUG=1",
					"$(inherited)",
				);
				GCC_WARN_64_TO_32_BIT_CONVERSION = YES;
				GCC_WARN_ABOUT_RETURN_TYPE = YES_ERROR;
				GCC_WARN_UNDECLARED_SELECTOR = YES;
				GCC_WARN_UNINITIALIZED_AUTOS = YES_AGGRESSIVE;
				GCC_WARN_UNUSED_FUNCTION = YES;
				GCC_WARN_UNUSED_VARIABLE = YES;
				IPHONEOS_DEPLOYMENT_TARGET = 9.3;
				MTL_ENABLE_DEBUG_INFO = YES;
				ONLY_ACTIVE_ARCH = YES;
				SDKROOT = iphoneos;
			};
			name = Debug;
		};
		330E13841D6AE18F00C34A65 /* Release */ = {
			isa = XCBuildConfiguration;
			buildSettings = {
				ALWAYS_SEARCH_USER_PATHS = NO;
				CLANG_ANALYZER_NONNULL = YES;
				CLANG_CXX_LANGUAGE_STANDARD = "gnu++0x";
				CLANG_CXX_LIBRARY = "libc++";
				CLANG_ENABLE_MODULES = YES;
				CLANG_ENABLE_OBJC_ARC = YES;
				CLANG_WARN_BOOL_CONVERSION = YES;
				CLANG_WARN_CONSTANT_CONVERSION = YES;
				CLANG_WARN_DIRECT_OBJC_ISA_USAGE = YES_ERROR;
				CLANG_WARN_EMPTY_BODY = YES;
				CLANG_WARN_ENUM_CONVERSION = YES;
				CLANG_WARN_INT_CONVERSION = YES;
				CLANG_WARN_OBJC_ROOT_CLASS = YES_ERROR;
				CLANG_WARN_UNREACHABLE_CODE = YES;
				CLANG_WARN__DUPLICATE_METHOD_MATCH = YES;
				"CODE_SIGN_IDENTITY[sdk=iphoneos*]" = "iPhone Developer";
				COPY_PHASE_STRIP = NO;
				DEBUG_INFORMATION_FORMAT = "dwarf-with-dsym";
				ENABLE_NS_ASSERTIONS = NO;
				ENABLE_STRICT_OBJC_MSGSEND = YES;
				GCC_C_LANGUAGE_STANDARD = gnu99;
				GCC_NO_COMMON_BLOCKS = YES;
				GCC_WARN_64_TO_32_BIT_CONVERSION = YES;
				GCC_WARN_ABOUT_RETURN_TYPE = YES_ERROR;
				GCC_WARN_UNDECLARED_SELECTOR = YES;
				GCC_WARN_UNINITIALIZED_AUTOS = YES_AGGRESSIVE;
				GCC_WARN_UNUSED_FUNCTION = YES;
				GCC_WARN_UNUSED_VARIABLE = YES;
				IPHONEOS_DEPLOYMENT_TARGET = 9.3;
				MTL_ENABLE_DEBUG_INFO = NO;
				SDKROOT = iphoneos;
				VALIDATE_PRODUCT = YES;
			};
			name = Release;
		};
		330E13861D6AE18F00C34A65 /* Debug */ = {
			isa = XCBuildConfiguration;
			buildSettings = {
				ASSETCATALOG_COMPILER_APPICON_NAME = AppIcon;
				INFOPLIST_FILE = HelloWord/Info.plist;
				LD_RUNPATH_SEARCH_PATHS = "$(inherited) @executable_path/Frameworks";
				PRODUCT_BUNDLE_IDENTIFIER = "com-tens.HelloWord";
				PRODUCT_NAME = "$(TARGET_NAME)";
			};
			name = Debug;
		};
		330E13871D6AE18F00C34A65 /* Release */ = {
			isa = XCBuildConfiguration;
			buildSettings = {
				ASSETCATALOG_COMPILER_APPICON_NAME = AppIcon;
				INFOPLIST_FILE = HelloWord/Info.plist;
				LD_RUNPATH_SEARCH_PATHS = "$(inherited) @executable_path/Frameworks";
				PRODUCT_BUNDLE_IDENTIFIER = "com-tens.HelloWord";
				PRODUCT_NAME = "$(TARGET_NAME)";
			};
			name = Release;
		};
		330E13891D6AE18F00C34A65 /* Debug */ = {
			isa = XCBuildConfiguration;
			buildSettings = {
				BUNDLE_LOADER = "$(TEST_HOST)";
				INFOPLIST_FILE = HelloWordTests/Info.plist;
				LD_RUNPATH_SEARCH_PATHS = "$(inherited) @executable_path/Frameworks @loader_path/Frameworks";
				PRODUCT_BUNDLE_IDENTIFIER = "com-tens.HelloWordTests";
				PRODUCT_NAME = "$(TARGET_NAME)";
				TEST_HOST = "$(BUILT_PRODUCTS_DIR)/HelloWord.app/HelloWord";
			};
			name = Debug;
		};
		330E138A1D6AE18F00C34A65 /* Release */ = {
			isa = XCBuildConfiguration;
			buildSettings = {
				BUNDLE_LOADER = "$(TEST_HOST)";
				INFOPLIST_FILE = HelloWordTests/Info.plist;
				LD_RUNPATH_SEARCH_PATHS = "$(inherited) @executable_path/Frameworks @loader_path/Frameworks";
				PRODUCT_BUNDLE_IDENTIFIER = "com-tens.HelloWordTests";
				PRODUCT_NAME = "$(TARGET_NAME)";
				TEST_HOST = "$(BUILT_PRODUCTS_DIR)/HelloWord.app/HelloWord";
			};
			name = Release;
		};
		330E138C1D6AE18F00C34A65 /* Debug */ = {
			isa = XCBuildConfiguration;
			buildSettings = {
				INFOPLIST_FILE = HelloWordUITests/Info.plist;
				LD_RUNPATH_SEARCH_PATHS = "$(inherited) @executable_path/Frameworks @loader_path/Frameworks";
				PRODUCT_BUNDLE_IDENTIFIER = "com-tens.HelloWordUITests";
				PRODUCT_NAME = "$(TARGET_NAME)";
				TEST_TARGET_NAME = HelloWord;
			};
			name = Debug;
		};
		330E138D1D6AE18F00C34A65 /* Release */ = {
			isa = XCBuildConfiguration;
			buildSettings = {
				INFOPLIST_FILE = HelloWordUITests/Info.plist;
				LD_RUNPATH_SEARCH_PATHS = "$(inherited) @executable_path/Frameworks @loader_path/Frameworks";
				PRODUCT_BUNDLE_IDENTIFIER = "com-tens.HelloWordUITests";
				PRODUCT_NAME = "$(TARGET_NAME)";
				TEST_TARGET_NAME = HelloWord;
			};
			name = Release;
		};
/* End XCBuildConfiguration section */

/* Begin XCConfigurationList section */
		330E13531D6AE18F00C34A65 /* Build configuration list for PBXProject "HelloWord" */ = {
			isa = XCConfigurationList;
			buildConfigurations = (
				330E13831D6AE18F00C34A65 /* Debug */,
				330E13841D6AE18F00C34A65 /* Release */,
			);
			defaultConfigurationIsVisible = 0;
			defaultConfigurationName = Release;
		};
		330E13851D6AE18F00C34A65 /* Build configuration list for PBXNativeTarget "HelloWord" */ = {
			isa = XCConfigurationList;
			buildConfigurations = (
				330E13861D6AE18F00C34A65 /* Debug */,
				330E13871D6AE18F00C34A65 /* Release */,
			);
			defaultConfigurationIsVisible = 0;
		};
		330E13881D6AE18F00C34A65 /* Build configuration list for PBXNativeTarget "HelloWordTests" */ = {
			isa = XCConfigurationList;
			buildConfigurations = (
				330E13891D6AE18F00C34A65 /* Debug */,
				330E138A1D6AE18F00C34A65 /* Release */,
			);
			defaultConfigurationIsVisible = 0;
		};
		330E138B1D6AE18F00C34A65 /* Build configuration list for PBXNativeTarget "HelloWordUITests" */ = {
			isa = XCConfigurationList;
			buildConfigurations = (
				330E138C1D6AE18F00C34A65 /* Debug */,
				330E138D1D6AE18F00C34A65 /* Release */,
			);
			defaultConfigurationIsVisible = 0;
		};
/* End XCConfigurationList section */
	};
	rootObject = 330E13501D6AE18F00C34A65 /* Project object */;
}
